
Microsoft Visual Studio Solution File, Format Version 12.00
# Visual Studio 15
VisualStudioVersion = 15.0.28010.2036
MinimumVisualStudioVersion = 10.0.40219.1
Project("{8BC9CEB8-8B4A-11D0-8D11-00A0C91BC942}") = "L10.2.1", "L10.2.1\L10.2.1.vcxproj", "{CA1CFF5D-C10A-4B2B-82EC-FC08CF138AC0}"
EndProject
Project("{8BC9CEB8-8B4A-11D0-8D11-00A0C91BC942}") = "L10.2.2", "L10.2.2\L10.2.2.0.vcxproj", "{AF53A657-6156-4E50-BBB4-687DAD39766A}"
EndProject
Project("{8BC9CEB8-8B4A-11D0-8D11-00A0C91BC942}") = "L10.2.3", "L10.2.3\L10.2.3.0.vcxproj", "{A895A23C-99C4-48D8-B266-62BAAE7C0A79}"
EndProject
Project("{8BC9CEB8-8B4A-11D0-8D11-00A0C91BC942}") = "L10.2.4", "L10.2.4\L10.2.4.0.vcxproj", "{BA2E9E8D-29EB-41C1-86BC-488AD2CD9B58}"
EndProject
Project("{8BC9CEB8-8B4A-11D0-8D11-00A0C91BC942}") = "L10.3.1.0", "L10.3.1.0\L10.3.1.0.vcxproj", "{111F412D-0CC5-41EA-9266-D906EFCAE662}"
EndProject
Project("{8BC9CEB8-8B4A-11D0-8D11-00A0C91BC942}") = "L10.3.1.1", "L10.3.1.1\L10.3.1.1.vcxproj", "{E339C3B5-CFC1-4A62-BFAA-40E163EFF71A}"
EndProject
Project("{8BC9CEB8-8B4A-11D0-8D11-00A0C91BC942}") = "L12.1", "L12.1\L12.1.vcxproj", "{9ECE2703-7B20-431F-8972-D71E5B7E3327}"
EndProject
Project("{8BC9CEB8-8B4A-11D0-8D11-00A0C91BC942}") = "L12.2.0", "L12.2\L12.2.0.vcxproj", "{A8C75362-47F9-42C4-80B6-1084133E9CDF}"
EndProject
Project("{8BC9CEB8-8B4A-11D0-8D11-00A0C91BC942}") = "L12.3.0", "L12.3\L12.3.0.vcxproj", "{627D67F0-D999-41CB-AC1C-17D772962200}"
EndProject
Project("{8BC9CEB8-8B4A-11D0-8D11-00A0C91BC942}") = "L12.4.0", "L12.4.0\L12.4.0.vcxproj", "{AE4695C3-5DB4-4B6B-B7D1-829A5C638812}"
EndProject
Project("{8BC9CEB8-8B4A-11D0-8D11-00A0C91BC942}") = "L13.1.0", "L13.1.0\L13.1.0.vcxproj", "{737FBFAE-A5F3-4942-8589-D91CF901FD82}"
EndProject
Project("{8BC9CEB8-8B4A-11D0-8D11-00A0C91BC942}") = "L13.3.0", "L13.3.0\L13.3.0.vcxproj", "{0C2368C6-B3D5-44F9-81D9-B85EE56181A3}"
EndProject
Project("{8BC9CEB8-8B4A-11D0-8D11-00A0C91BC942}") = "L13.2.0", "L13.2.0\L13.2.0.vcxproj", "{FA26AAB7-0B3A-482C-8A3D-42CB2BE19158}"
EndProject
Project("{8BC9CEB8-8B4A-11D0-8D11-00A0C91BC942}") = "L13.4.0", "L13.4.0\L13.4.0.vcxproj", "{9F62B3A7-71A5-4ECE-AE63-4C91B8294B74}"
EndProject
Project("{8BC9CEB8-8B4A-11D0-8D11-00A0C91BC942}") = "L13.5.0", "L13.5.0\L13.5.0.vcxproj", "{3D36F4EA-D186-41BE-8444-DC4FCEF8F603}"
EndProject
Project("{8BC9CEB8-8B4A-11D0-8D11-00A0C91BC942}") = "L13.6.0", "L13.6.0\L13.6.0.vcxproj", "{73F5B086-B8AC-4F47-99B4-594C9244CD0A}"
EndProject
Project("{8BC9CEB8-8B4A-11D0-8D11-00A0C91BC942}") = "L14.1.0", "L14.1.0\L14.1.0.vcxproj", "{9CF539D1-F6E6-4584-801D-98840C42A8FD}"
EndProject
Project("{8BC9CEB8-8B4A-11D0-8D11-00A0C91BC942}") = "L14.2.0", "L14.2.0\L14.2.0.vcxproj", "{2A049BE9-E259-482D-A130-6B9C9A305C15}"
EndProject
Project("{8BC9CEB8-8B4A-11D0-8D11-00A0C91BC942}") = "L14.3.0", "L14.3.0\L14.3.0.vcxproj", "{05472191-617D-470D-AC52-10DA38894967}"
EndProject
Project("{8BC9CEB8-8B4A-11D0-8D11-00A0C91BC942}") = "L14.4.0", "L14.4.0\L14.4.0.vcxproj", "{C6FF4871-7013-46FE-B5D2-A897EAE2EFAD}"
EndProject
Project("{8BC9CEB8-8B4A-11D0-8D11-00A0C91BC942}") = "L14.5.0", "L14.5.0\L14.5.0.vcxproj", "{B2AEC2DB-9C38-40C9-900D-FFA3ED990499}"
EndProject
Project("{8BC9CEB8-8B4A-11D0-8D11-00A0C91BC942}") = "L14.6.0", "L14.6.0\L14.6.0.vcxproj", "{16F69EDB-3AFF-4A52-8C1B-E5530E5BCA0A}"
EndProject
Project("{8BC9CEB8-8B4A-11D0-8D11-00A0C91BC942}") = "L15.1.0", "L15.1.0\L15.1.0.vcxproj", "{7D355334-BB82-4673-B08A-F2AE2816659C}"
EndProject
Project("{8BC9CEB8-8B4A-11D0-8D11-00A0C91BC942}") = "L15.2.0", "L15.2.0\L15.2.0.vcxproj", "{EBEA891B-39EB-46C6-AC68-046E8F4C6E0A}"
EndProject
Project("{8BC9CEB8-8B4A-11D0-8D11-00A0C91BC942}") = "L15.3.0", "L15.3.0\L15.3.0.vcxproj", "{B9BF2F99-A144-460C-AF2C-497354E890BE}"
EndProject
Project("{8BC9CEB8-8B4A-11D0-8D11-00A0C91BC942}") = "L15.4.0", "L15.4.0\L15.4.0.vcxproj", "{357FD772-5D22-44C7-BAAA-089946408D35}"
EndProject
Project("{8BC9CEB8-8B4A-11D0-8D11-00A0C91BC942}") = "L16.1.0", "L16.1.0\L16.1.0.vcxproj", "{17AF7F6B-72EA-41ED-A09E-2FC07E7CA2ED}"
EndProject
Project("{8BC9CEB8-8B4A-11D0-8D11-00A0C91BC942}") = "L16.2.0", "L16.2.0\L16.2.0.vcxproj", "{7C8BAF5B-183F-4734-8FDB-D37F1392A80A}"
EndProject
Project("{8BC9CEB8-8B4A-11D0-8D11-00A0C91BC942}") = "L16.4.0", "L16.4.0\L16.4.0.vcxproj", "{BAB27517-2902-4F86-AF4C-B8C0E3EE8675}"
EndProject
Project("{8BC9CEB8-8B4A-11D0-8D11-00A0C91BC942}") = "L16.3.0", "L16.3.0\L16.3.0.vcxproj", "{BE6927C8-7B61-4CB4-A097-342B7D1E3428}"
EndProject
Project("{8BC9CEB8-8B4A-11D0-8D11-00A0C91BC942}") = "L16.5.0", "L16.5.0\L16.5.0.vcxproj", "{30B359CE-457B-49A4-AA5D-5F7372A4C88F}"
EndProject
Project("{8BC9CEB8-8B4A-11D0-8D11-00A0C91BC942}") = "L24.3.0", "L24.3.0\L24.3.0.vcxproj", "{91E48D7E-7B17-456C-BD69-3300DD5B0151}"
EndProject
Project("{8BC9CEB8-8B4A-11D0-8D11-00A0C91BC942}") = "L24.2.0", "L24.2.0\L24.2.0.vcxproj", "{459BE821-8E70-490F-BDAA-F48942C722D3}"
EndProject
Project("{8BC9CEB8-8B4A-11D0-8D11-00A0C91BC942}") = "L24.1.0", "L24.1.0\L24.1.0.vcxproj", "{119085C3-24A4-4C1C-AA0F-E8D2290414A3}"
EndProject
Project("{8BC9CEB8-8B4A-11D0-8D11-00A0C91BC942}") = "L23.3.0", "L23.3.0\L23.3.0.vcxproj", "{086A3CC1-3AF8-4AC2-B1E7-14AAD002BB59}"
EndProject
Project("{8BC9CEB8-8B4A-11D0-8D11-00A0C91BC942}") = "L23.1.0", "L23.1.0\L23.1.0.vcxproj", "{06B53CEE-231A-41BB-9DB7-6DF91A4DF9AF}"
EndProject
Project("{8BC9CEB8-8B4A-11D0-8D11-00A0C91BC942}") = "L22.4.0", "L22.4.0\L22.4.0.vcxproj", "{FB576A7A-CF94-4A98-8711-6D5525BECC9F}"
EndProject
Project("{8BC9CEB8-8B4A-11D0-8D11-00A0C91BC942}") = "L22.3.0", "L22.3.0\L22.3.0.vcxproj", "{35798F05-8666-47AA-AECE-DEF0726C57FF}"
EndProject
Project("{8BC9CEB8-8B4A-11D0-8D11-00A0C91BC942}") = "L22.2.0", "L22.2.0\L22.2.0.vcxproj", "{CE20F08D-4F39-452E-B89E-DDDC6FD8FBA9}"
EndProject
Project("{8BC9CEB8-8B4A-11D0-8D11-00A0C91BC942}") = "L22.1.3", "L22.1.3\L22.1.3.vcxproj", "{9FCB777C-E069-4DAC-BBF4-51ADD176D05E}"
EndProject
Project("{8BC9CEB8-8B4A-11D0-8D11-00A0C91BC942}") = "L22.1.2", "L22.1.2\L22.1.2.vcxproj", "{C5536783-ADEF-4557-A3AB-8A46F23435A4}"
EndProject
Project("{8BC9CEB8-8B4A-11D0-8D11-00A0C91BC942}") = "L22.1.1", "L22.1.1\L22.1.1.vcxproj", "{B2D0C8E6-E82F-467B-8585-2DE551BBC878}"
EndProject
Project("{8BC9CEB8-8B4A-11D0-8D11-00A0C91BC942}") = "L22.1.0", "L22.1.0\L22.1.0.vcxproj", "{B2A10D15-1351-4598-BB92-7A40CFF4D626}"
EndProject
Project("{8BC9CEB8-8B4A-11D0-8D11-00A0C91BC942}") = "L21.3", "L21.3\L21.3.vcxproj", "{C7A67B63-B806-40F6-8488-2BBF91E8B01E}"
EndProject
Project("{8BC9CEB8-8B4A-11D0-8D11-00A0C91BC942}") = "L21.2", "L21.2\L21.2.vcxproj", "{2453B0A8-40B3-4172-9ACA-1A36CEF6A398}"
EndProject
Project("{8BC9CEB8-8B4A-11D0-8D11-00A0C91BC942}") = "L21.1", "L21\L21.1.vcxproj", "{D7CA88FF-1611-4A51-8489-66BF52FC6A0F}"
EndProject
Project("{8BC9CEB8-8B4A-11D0-8D11-00A0C91BC942}") = "L20.4.0", "L20.4.0\L20.4.0.vcxproj", "{D108A3E3-E31E-4006-89B0-8490B28B9673}"
EndProject
Project("{8BC9CEB8-8B4A-11D0-8D11-00A0C91BC942}") = "L20.3.1", "L20.3.1\L20.3.1.vcxproj", "{B01414BF-8420-46E3-A1A1-3C748BDD7F04}"
EndProject
Project("{8BC9CEB8-8B4A-11D0-8D11-00A0C91BC942}") = "L20.3.0", "L20.3.0\L20.3.0.vcxproj", "{CD2E4E91-E3C3-4A14-97DB-1E86B18B6179}"
EndProject
Project("{8BC9CEB8-8B4A-11D0-8D11-00A0C91BC942}") = "L20.2.0", "L20.2.0\L20.2.0.vcxproj", "{FC6E0BCC-514F-44FD-9439-03E4615426DA}"
EndProject
Project("{8BC9CEB8-8B4A-11D0-8D11-00A0C91BC942}") = "L20.1.1", "L20.1.1\L20.1.1.vcxproj", "{F8955F58-3CC7-4C6D-B0FD-A3B00465C79E}"
EndProject
Project("{8BC9CEB8-8B4A-11D0-8D11-00A0C91BC942}") = "L20.1.0", "L20.1.0\L20.1.0.vcxproj", "{95E8F6FB-E239-4EF5-BF24-A6FED3C1FF5D}"
EndProject
Project("{8BC9CEB8-8B4A-11D0-8D11-00A0C91BC942}") = "L19.3.0", "L19.3.0\L19.3.0.vcxproj", "{5C7AB469-5D7D-41CE-9FA7-3E8B313A7D23}"
EndProject
Project("{8BC9CEB8-8B4A-11D0-8D11-00A0C91BC942}") = "L19.2.2", "L19.2.2\L19.2.2.vcxproj", "{231989DE-A2B7-40D9-9C44-C1F1264A9068}"
EndProject
Project("{8BC9CEB8-8B4A-11D0-8D11-00A0C91BC942}") = "L19.2.1", "L19.2.1\L19.2.1.vcxproj", "{2AF358D0-0218-44EF-8E90-3F5915EFC4FD}"
EndProject
Project("{8BC9CEB8-8B4A-11D0-8D11-00A0C91BC942}") = "L19.2.0", "L19.2.0\L19.2.0.vcxproj", "{D6AD9188-3928-4D67-B63B-0BE2B495A0FA}"
EndProject
Project("{8BC9CEB8-8B4A-11D0-8D11-00A0C91BC942}") = "L19.1.0", "L19.1.0\L19.1.0.vcxproj", "{C32A8B90-2E83-442F-B9DA-F0EF29930A43}"
EndProject
Project("{8BC9CEB8-8B4A-11D0-8D11-00A0C91BC942}") = "L18.6.0", "L18.6.0\L18.6.0.vcxproj", "{4DCA6A52-0DAD-465D-8E5F-7C4FE1657C28}"
EndProject
Project("{8BC9CEB8-8B4A-11D0-8D11-00A0C91BC942}") = "L18.5.0", "L18.5.0\L18.5.0.vcxproj", "{C3B467EB-6415-4699-9EFD-07038641BAA5}"
EndProject
Project("{8BC9CEB8-8B4A-11D0-8D11-00A0C91BC942}") = "L18.4.1", "L18.4.1\L18.4.1.vcxproj", "{6E573232-F53A-403F-B516-811B4FC93A87}"
EndProject
Project("{8BC9CEB8-8B4A-11D0-8D11-00A0C91BC942}") = "L18.4.0", "L18.4.0\L18.4.0.vcxproj", "{8FAF24BE-AB30-43AD-9F08-3D4E1B37F282}"
EndProject
Project("{8BC9CEB8-8B4A-11D0-8D11-00A0C91BC942}") = "L18.3.0", "L18.3.0\L18.3.0.vcxproj", "{925C29F6-5E47-403A-9CCE-FBD64B843491}"
EndProject
Project("{8BC9CEB8-8B4A-11D0-8D11-00A0C91BC942}") = "L18.2.1", "L18.2.1\L18.2.1.vcxproj", "{7AFC58A2-75BF-4622-8CEA-3971F4F10FA6}"
EndProject
Project("{8BC9CEB8-8B4A-11D0-8D11-00A0C91BC942}") = "L18.2.0", "L18.2.0\L18.2.0.vcxproj", "{CD8CF7C1-A0C0-4840-A007-063B26049DA5}"
EndProject
Project("{8BC9CEB8-8B4A-11D0-8D11-00A0C91BC942}") = "L18.1.0", "L18.1.0\L18.1.0.vcxproj", "{D1A9F2B8-A285-47D7-A658-E5360A488B49}"
EndProject
Project("{8BC9CEB8-8B4A-11D0-8D11-00A0C91BC942}") = "L17.3.0", "L17.3.0\L17.3.0.vcxproj", "{E3585E51-F97C-4EB9-9F06-B5E352B872DB}"
EndProject
Project("{8BC9CEB8-8B4A-11D0-8D11-00A0C91BC942}") = "L17.2.0", "L17.2.0\L17.2.0.vcxproj", "{41DB2D71-08C8-4F9C-8B54-D86DB53F60E0}"
EndProject
Project("{8BC9CEB8-8B4A-11D0-8D11-00A0C91BC942}") = "L17.1.0", "L17.1.0\L17.1.0.vcxproj", "{0DD77C55-4386-449D-8B61-64B3B157CD01}"
EndProject
Global
	GlobalSection(SolutionConfigurationPlatforms) = preSolution
		Debug|x64 = Debug|x64
		Debug|x86 = Debug|x86
		Release|x64 = Release|x64
		Release|x86 = Release|x86
	EndGlobalSection
	GlobalSection(ProjectConfigurationPlatforms) = postSolution
		{CA1CFF5D-C10A-4B2B-82EC-FC08CF138AC0}.Debug|x64.ActiveCfg = Debug|x64
		{CA1CFF5D-C10A-4B2B-82EC-FC08CF138AC0}.Debug|x64.Build.0 = Debug|x64
		{CA1CFF5D-C10A-4B2B-82EC-FC08CF138AC0}.Debug|x86.ActiveCfg = Debug|Win32
		{CA1CFF5D-C10A-4B2B-82EC-FC08CF138AC0}.Debug|x86.Build.0 = Debug|Win32
		{CA1CFF5D-C10A-4B2B-82EC-FC08CF138AC0}.Release|x64.ActiveCfg = Release|x64
		{CA1CFF5D-C10A-4B2B-82EC-FC08CF138AC0}.Release|x64.Build.0 = Release|x64
		{CA1CFF5D-C10A-4B2B-82EC-FC08CF138AC0}.Release|x86.ActiveCfg = Release|Win32
		{CA1CFF5D-C10A-4B2B-82EC-FC08CF138AC0}.Release|x86.Build.0 = Release|Win32
		{AF53A657-6156-4E50-BBB4-687DAD39766A}.Debug|x64.ActiveCfg = Debug|Win32
		{AF53A657-6156-4E50-BBB4-687DAD39766A}.Debug|x86.ActiveCfg = Debug|Win32
		{AF53A657-6156-4E50-BBB4-687DAD39766A}.Debug|x86.Build.0 = Debug|Win32
		{AF53A657-6156-4E50-BBB4-687DAD39766A}.Release|x64.ActiveCfg = Release|Win32
		{AF53A657-6156-4E50-BBB4-687DAD39766A}.Release|x86.ActiveCfg = Release|Win32
		{AF53A657-6156-4E50-BBB4-687DAD39766A}.Release|x86.Build.0 = Release|Win32
		{A895A23C-99C4-48D8-B266-62BAAE7C0A79}.Debug|x64.ActiveCfg = Debug|Win32
		{A895A23C-99C4-48D8-B266-62BAAE7C0A79}.Debug|x86.ActiveCfg = Debug|Win32
		{A895A23C-99C4-48D8-B266-62BAAE7C0A79}.Debug|x86.Build.0 = Debug|Win32
		{A895A23C-99C4-48D8-B266-62BAAE7C0A79}.Release|x64.ActiveCfg = Release|Win32
		{A895A23C-99C4-48D8-B266-62BAAE7C0A79}.Release|x86.ActiveCfg = Release|Win32
		{A895A23C-99C4-48D8-B266-62BAAE7C0A79}.Release|x86.Build.0 = Release|Win32
		{BA2E9E8D-29EB-41C1-86BC-488AD2CD9B58}.Debug|x64.ActiveCfg = Debug|Win32
		{BA2E9E8D-29EB-41C1-86BC-488AD2CD9B58}.Debug|x86.ActiveCfg = Debug|Win32
		{BA2E9E8D-29EB-41C1-86BC-488AD2CD9B58}.Debug|x86.Build.0 = Debug|Win32
		{BA2E9E8D-29EB-41C1-86BC-488AD2CD9B58}.Release|x64.ActiveCfg = Release|Win32
		{BA2E9E8D-29EB-41C1-86BC-488AD2CD9B58}.Release|x86.ActiveCfg = Release|Win32
		{BA2E9E8D-29EB-41C1-86BC-488AD2CD9B58}.Release|x86.Build.0 = Release|Win32
		{111F412D-0CC5-41EA-9266-D906EFCAE662}.Debug|x64.ActiveCfg = Debug|Win32
		{111F412D-0CC5-41EA-9266-D906EFCAE662}.Debug|x86.ActiveCfg = Debug|Win32
		{111F412D-0CC5-41EA-9266-D906EFCAE662}.Debug|x86.Build.0 = Debug|Win32
		{111F412D-0CC5-41EA-9266-D906EFCAE662}.Release|x64.ActiveCfg = Release|Win32
		{111F412D-0CC5-41EA-9266-D906EFCAE662}.Release|x86.ActiveCfg = Release|Win32
		{111F412D-0CC5-41EA-9266-D906EFCAE662}.Release|x86.Build.0 = Release|Win32
		{E339C3B5-CFC1-4A62-BFAA-40E163EFF71A}.Debug|x64.ActiveCfg = Debug|Win32
		{E339C3B5-CFC1-4A62-BFAA-40E163EFF71A}.Debug|x86.ActiveCfg = Debug|Win32
		{E339C3B5-CFC1-4A62-BFAA-40E163EFF71A}.Debug|x86.Build.0 = Debug|Win32
		{E339C3B5-CFC1-4A62-BFAA-40E163EFF71A}.Release|x64.ActiveCfg = Release|Win32
		{E339C3B5-CFC1-4A62-BFAA-40E163EFF71A}.Release|x86.ActiveCfg = Release|Win32
		{E339C3B5-CFC1-4A62-BFAA-40E163EFF71A}.Release|x86.Build.0 = Release|Win32
		{9ECE2703-7B20-431F-8972-D71E5B7E3327}.Debug|x64.ActiveCfg = Debug|Win32
		{9ECE2703-7B20-431F-8972-D71E5B7E3327}.Debug|x86.ActiveCfg = Debug|Win32
		{9ECE2703-7B20-431F-8972-D71E5B7E3327}.Debug|x86.Build.0 = Debug|Win32
		{9ECE2703-7B20-431F-8972-D71E5B7E3327}.Release|x64.ActiveCfg = Release|Win32
		{9ECE2703-7B20-431F-8972-D71E5B7E3327}.Release|x86.ActiveCfg = Release|Win32
		{9ECE2703-7B20-431F-8972-D71E5B7E3327}.Release|x86.Build.0 = Release|Win32
		{A8C75362-47F9-42C4-80B6-1084133E9CDF}.Debug|x64.ActiveCfg = Debug|Win32
		{A8C75362-47F9-42C4-80B6-1084133E9CDF}.Debug|x86.ActiveCfg = Debug|Win32
		{A8C75362-47F9-42C4-80B6-1084133E9CDF}.Debug|x86.Build.0 = Debug|Win32
		{A8C75362-47F9-42C4-80B6-1084133E9CDF}.Release|x64.ActiveCfg = Release|Win32
		{A8C75362-47F9-42C4-80B6-1084133E9CDF}.Release|x86.ActiveCfg = Release|Win32
		{A8C75362-47F9-42C4-80B6-1084133E9CDF}.Release|x86.Build.0 = Release|Win32
		{627D67F0-D999-41CB-AC1C-17D772962200}.Debug|x64.ActiveCfg = Debug|x64
		{627D67F0-D999-41CB-AC1C-17D772962200}.Debug|x64.Build.0 = Debug|x64
		{627D67F0-D999-41CB-AC1C-17D772962200}.Debug|x86.ActiveCfg = Debug|Win32
		{627D67F0-D999-41CB-AC1C-17D772962200}.Debug|x86.Build.0 = Debug|Win32
		{627D67F0-D999-41CB-AC1C-17D772962200}.Release|x64.ActiveCfg = Release|x64
		{627D67F0-D999-41CB-AC1C-17D772962200}.Release|x64.Build.0 = Release|x64
		{627D67F0-D999-41CB-AC1C-17D772962200}.Release|x86.ActiveCfg = Release|Win32
		{627D67F0-D999-41CB-AC1C-17D772962200}.Release|x86.Build.0 = Release|Win32
		{AE4695C3-5DB4-4B6B-B7D1-829A5C638812}.Debug|x64.ActiveCfg = Debug|x64
		{AE4695C3-5DB4-4B6B-B7D1-829A5C638812}.Debug|x64.Build.0 = Debug|x64
		{AE4695C3-5DB4-4B6B-B7D1-829A5C638812}.Debug|x86.ActiveCfg = Debug|Win32
		{AE4695C3-5DB4-4B6B-B7D1-829A5C638812}.Debug|x86.Build.0 = Debug|Win32
		{AE4695C3-5DB4-4B6B-B7D1-829A5C638812}.Release|x64.ActiveCfg = Release|x64
		{AE4695C3-5DB4-4B6B-B7D1-829A5C638812}.Release|x64.Build.0 = Release|x64
		{AE4695C3-5DB4-4B6B-B7D1-829A5C638812}.Release|x86.ActiveCfg = Release|Win32
		{AE4695C3-5DB4-4B6B-B7D1-829A5C638812}.Release|x86.Build.0 = Release|Win32
		{737FBFAE-A5F3-4942-8589-D91CF901FD82}.Debug|x64.ActiveCfg = Debug|x64
		{737FBFAE-A5F3-4942-8589-D91CF901FD82}.Debug|x64.Build.0 = Debug|x64
		{737FBFAE-A5F3-4942-8589-D91CF901FD82}.Debug|x86.ActiveCfg = Debug|Win32
		{737FBFAE-A5F3-4942-8589-D91CF901FD82}.Debug|x86.Build.0 = Debug|Win32
		{737FBFAE-A5F3-4942-8589-D91CF901FD82}.Release|x64.ActiveCfg = Release|x64
		{737FBFAE-A5F3-4942-8589-D91CF901FD82}.Release|x64.Build.0 = Release|x64
		{737FBFAE-A5F3-4942-8589-D91CF901FD82}.Release|x86.ActiveCfg = Release|Win32
		{737FBFAE-A5F3-4942-8589-D91CF901FD82}.Release|x86.Build.0 = Release|Win32
		{0C2368C6-B3D5-44F9-81D9-B85EE56181A3}.Debug|x64.ActiveCfg = Debug|x64
		{0C2368C6-B3D5-44F9-81D9-B85EE56181A3}.Debug|x64.Build.0 = Debug|x64
		{0C2368C6-B3D5-44F9-81D9-B85EE56181A3}.Debug|x86.ActiveCfg = Debug|Win32
		{0C2368C6-B3D5-44F9-81D9-B85EE56181A3}.Debug|x86.Build.0 = Debug|Win32
		{0C2368C6-B3D5-44F9-81D9-B85EE56181A3}.Release|x64.ActiveCfg = Release|x64
		{0C2368C6-B3D5-44F9-81D9-B85EE56181A3}.Release|x64.Build.0 = Release|x64
		{0C2368C6-B3D5-44F9-81D9-B85EE56181A3}.Release|x86.ActiveCfg = Release|Win32
		{0C2368C6-B3D5-44F9-81D9-B85EE56181A3}.Release|x86.Build.0 = Release|Win32
		{FA26AAB7-0B3A-482C-8A3D-42CB2BE19158}.Debug|x64.ActiveCfg = Debug|x64
		{FA26AAB7-0B3A-482C-8A3D-42CB2BE19158}.Debug|x64.Build.0 = Debug|x64
		{FA26AAB7-0B3A-482C-8A3D-42CB2BE19158}.Debug|x86.ActiveCfg = Debug|Win32
		{FA26AAB7-0B3A-482C-8A3D-42CB2BE19158}.Debug|x86.Build.0 = Debug|Win32
		{FA26AAB7-0B3A-482C-8A3D-42CB2BE19158}.Release|x64.ActiveCfg = Release|x64
		{FA26AAB7-0B3A-482C-8A3D-42CB2BE19158}.Release|x64.Build.0 = Release|x64
		{FA26AAB7-0B3A-482C-8A3D-42CB2BE19158}.Release|x86.ActiveCfg = Release|Win32
		{FA26AAB7-0B3A-482C-8A3D-42CB2BE19158}.Release|x86.Build.0 = Release|Win32
		{9F62B3A7-71A5-4ECE-AE63-4C91B8294B74}.Debug|x64.ActiveCfg = Debug|x64
		{9F62B3A7-71A5-4ECE-AE63-4C91B8294B74}.Debug|x64.Build.0 = Debug|x64
		{9F62B3A7-71A5-4ECE-AE63-4C91B8294B74}.Debug|x86.ActiveCfg = Debug|Win32
		{9F62B3A7-71A5-4ECE-AE63-4C91B8294B74}.Debug|x86.Build.0 = Debug|Win32
		{9F62B3A7-71A5-4ECE-AE63-4C91B8294B74}.Release|x64.ActiveCfg = Release|x64
		{9F62B3A7-71A5-4ECE-AE63-4C91B8294B74}.Release|x64.Build.0 = Release|x64
		{9F62B3A7-71A5-4ECE-AE63-4C91B8294B74}.Release|x86.ActiveCfg = Release|Win32
		{9F62B3A7-71A5-4ECE-AE63-4C91B8294B74}.Release|x86.Build.0 = Release|Win32
		{3D36F4EA-D186-41BE-8444-DC4FCEF8F603}.Debug|x64.ActiveCfg = Debug|x64
		{3D36F4EA-D186-41BE-8444-DC4FCEF8F603}.Debug|x64.Build.0 = Debug|x64
		{3D36F4EA-D186-41BE-8444-DC4FCEF8F603}.Debug|x86.ActiveCfg = Debug|Win32
		{3D36F4EA-D186-41BE-8444-DC4FCEF8F603}.Debug|x86.Build.0 = Debug|Win32
		{3D36F4EA-D186-41BE-8444-DC4FCEF8F603}.Release|x64.ActiveCfg = Release|x64
		{3D36F4EA-D186-41BE-8444-DC4FCEF8F603}.Release|x64.Build.0 = Release|x64
		{3D36F4EA-D186-41BE-8444-DC4FCEF8F603}.Release|x86.ActiveCfg = Release|Win32
		{3D36F4EA-D186-41BE-8444-DC4FCEF8F603}.Release|x86.Build.0 = Release|Win32
		{73F5B086-B8AC-4F47-99B4-594C9244CD0A}.Debug|x64.ActiveCfg = Debug|x64
		{73F5B086-B8AC-4F47-99B4-594C9244CD0A}.Debug|x64.Build.0 = Debug|x64
		{73F5B086-B8AC-4F47-99B4-594C9244CD0A}.Debug|x86.ActiveCfg = Debug|Win32
		{73F5B086-B8AC-4F47-99B4-594C9244CD0A}.Debug|x86.Build.0 = Debug|Win32
		{73F5B086-B8AC-4F47-99B4-594C9244CD0A}.Release|x64.ActiveCfg = Release|x64
		{73F5B086-B8AC-4F47-99B4-594C9244CD0A}.Release|x64.Build.0 = Release|x64
		{73F5B086-B8AC-4F47-99B4-594C9244CD0A}.Release|x86.ActiveCfg = Release|Win32
		{73F5B086-B8AC-4F47-99B4-594C9244CD0A}.Release|x86.Build.0 = Release|Win32
		{9CF539D1-F6E6-4584-801D-98840C42A8FD}.Debug|x64.ActiveCfg = Debug|x64
		{9CF539D1-F6E6-4584-801D-98840C42A8FD}.Debug|x64.Build.0 = Debug|x64
		{9CF539D1-F6E6-4584-801D-98840C42A8FD}.Debug|x86.ActiveCfg = Debug|Win32
		{9CF539D1-F6E6-4584-801D-98840C42A8FD}.Debug|x86.Build.0 = Debug|Win32
		{9CF539D1-F6E6-4584-801D-98840C42A8FD}.Release|x64.ActiveCfg = Release|x64
		{9CF539D1-F6E6-4584-801D-98840C42A8FD}.Release|x64.Build.0 = Release|x64
		{9CF539D1-F6E6-4584-801D-98840C42A8FD}.Release|x86.ActiveCfg = Release|Win32
		{9CF539D1-F6E6-4584-801D-98840C42A8FD}.Release|x86.Build.0 = Release|Win32
		{2A049BE9-E259-482D-A130-6B9C9A305C15}.Debug|x64.ActiveCfg = Debug|x64
		{2A049BE9-E259-482D-A130-6B9C9A305C15}.Debug|x64.Build.0 = Debug|x64
		{2A049BE9-E259-482D-A130-6B9C9A305C15}.Debug|x86.ActiveCfg = Debug|Win32
		{2A049BE9-E259-482D-A130-6B9C9A305C15}.Debug|x86.Build.0 = Debug|Win32
		{2A049BE9-E259-482D-A130-6B9C9A305C15}.Release|x64.ActiveCfg = Release|x64
		{2A049BE9-E259-482D-A130-6B9C9A305C15}.Release|x64.Build.0 = Release|x64
		{2A049BE9-E259-482D-A130-6B9C9A305C15}.Release|x86.ActiveCfg = Release|Win32
		{2A049BE9-E259-482D-A130-6B9C9A305C15}.Release|x86.Build.0 = Release|Win32
		{05472191-617D-470D-AC52-10DA38894967}.Debug|x64.ActiveCfg = Debug|x64
		{05472191-617D-470D-AC52-10DA38894967}.Debug|x64.Build.0 = Debug|x64
		{05472191-617D-470D-AC52-10DA38894967}.Debug|x86.ActiveCfg = Debug|Win32
		{05472191-617D-470D-AC52-10DA38894967}.Debug|x86.Build.0 = Debug|Win32
		{05472191-617D-470D-AC52-10DA38894967}.Release|x64.ActiveCfg = Release|x64
		{05472191-617D-470D-AC52-10DA38894967}.Release|x64.Build.0 = Release|x64
		{05472191-617D-470D-AC52-10DA38894967}.Release|x86.ActiveCfg = Release|Win32
		{05472191-617D-470D-AC52-10DA38894967}.Release|x86.Build.0 = Release|Win32
		{C6FF4871-7013-46FE-B5D2-A897EAE2EFAD}.Debug|x64.ActiveCfg = Debug|x64
		{C6FF4871-7013-46FE-B5D2-A897EAE2EFAD}.Debug|x64.Build.0 = Debug|x64
		{C6FF4871-7013-46FE-B5D2-A897EAE2EFAD}.Debug|x86.ActiveCfg = Debug|Win32
		{C6FF4871-7013-46FE-B5D2-A897EAE2EFAD}.Debug|x86.Build.0 = Debug|Win32
		{C6FF4871-7013-46FE-B5D2-A897EAE2EFAD}.Release|x64.ActiveCfg = Release|x64
		{C6FF4871-7013-46FE-B5D2-A897EAE2EFAD}.Release|x64.Build.0 = Release|x64
		{C6FF4871-7013-46FE-B5D2-A897EAE2EFAD}.Release|x86.ActiveCfg = Release|Win32
		{C6FF4871-7013-46FE-B5D2-A897EAE2EFAD}.Release|x86.Build.0 = Release|Win32
		{B2AEC2DB-9C38-40C9-900D-FFA3ED990499}.Debug|x64.ActiveCfg = Debug|x64
		{B2AEC2DB-9C38-40C9-900D-FFA3ED990499}.Debug|x64.Build.0 = Debug|x64
		{B2AEC2DB-9C38-40C9-900D-FFA3ED990499}.Debug|x86.ActiveCfg = Debug|Win32
		{B2AEC2DB-9C38-40C9-900D-FFA3ED990499}.Debug|x86.Build.0 = Debug|Win32
		{B2AEC2DB-9C38-40C9-900D-FFA3ED990499}.Release|x64.ActiveCfg = Release|x64
		{B2AEC2DB-9C38-40C9-900D-FFA3ED990499}.Release|x64.Build.0 = Release|x64
		{B2AEC2DB-9C38-40C9-900D-FFA3ED990499}.Release|x86.ActiveCfg = Release|Win32
		{B2AEC2DB-9C38-40C9-900D-FFA3ED990499}.Release|x86.Build.0 = Release|Win32
		{16F69EDB-3AFF-4A52-8C1B-E5530E5BCA0A}.Debug|x64.ActiveCfg = Debug|x64
		{16F69EDB-3AFF-4A52-8C1B-E5530E5BCA0A}.Debug|x64.Build.0 = Debug|x64
		{16F69EDB-3AFF-4A52-8C1B-E5530E5BCA0A}.Debug|x86.ActiveCfg = Debug|Win32
		{16F69EDB-3AFF-4A52-8C1B-E5530E5BCA0A}.Debug|x86.Build.0 = Debug|Win32
		{16F69EDB-3AFF-4A52-8C1B-E5530E5BCA0A}.Release|x64.ActiveCfg = Release|x64
		{16F69EDB-3AFF-4A52-8C1B-E5530E5BCA0A}.Release|x64.Build.0 = Release|x64
		{16F69EDB-3AFF-4A52-8C1B-E5530E5BCA0A}.Release|x86.ActiveCfg = Release|Win32
		{16F69EDB-3AFF-4A52-8C1B-E5530E5BCA0A}.Release|x86.Build.0 = Release|Win32
		{7D355334-BB82-4673-B08A-F2AE2816659C}.Debug|x64.ActiveCfg = Debug|x64
		{7D355334-BB82-4673-B08A-F2AE2816659C}.Debug|x64.Build.0 = Debug|x64
		{7D355334-BB82-4673-B08A-F2AE2816659C}.Debug|x86.ActiveCfg = Debug|Win32
		{7D355334-BB82-4673-B08A-F2AE2816659C}.Debug|x86.Build.0 = Debug|Win32
		{7D355334-BB82-4673-B08A-F2AE2816659C}.Release|x64.ActiveCfg = Release|x64
		{7D355334-BB82-4673-B08A-F2AE2816659C}.Release|x64.Build.0 = Release|x64
		{7D355334-BB82-4673-B08A-F2AE2816659C}.Release|x86.ActiveCfg = Release|Win32
		{7D355334-BB82-4673-B08A-F2AE2816659C}.Release|x86.Build.0 = Release|Win32
		{EBEA891B-39EB-46C6-AC68-046E8F4C6E0A}.Debug|x64.ActiveCfg = Debug|x64
		{EBEA891B-39EB-46C6-AC68-046E8F4C6E0A}.Debug|x64.Build.0 = Debug|x64
		{EBEA891B-39EB-46C6-AC68-046E8F4C6E0A}.Debug|x86.ActiveCfg = Debug|Win32
		{EBEA891B-39EB-46C6-AC68-046E8F4C6E0A}.Debug|x86.Build.0 = Debug|Win32
		{EBEA891B-39EB-46C6-AC68-046E8F4C6E0A}.Release|x64.ActiveCfg = Release|x64
		{EBEA891B-39EB-46C6-AC68-046E8F4C6E0A}.Release|x64.Build.0 = Release|x64
		{EBEA891B-39EB-46C6-AC68-046E8F4C6E0A}.Release|x86.ActiveCfg = Release|Win32
		{EBEA891B-39EB-46C6-AC68-046E8F4C6E0A}.Release|x86.Build.0 = Release|Win32
		{B9BF2F99-A144-460C-AF2C-497354E890BE}.Debug|x64.ActiveCfg = Debug|x64
		{B9BF2F99-A144-460C-AF2C-497354E890BE}.Debug|x64.Build.0 = Debug|x64
		{B9BF2F99-A144-460C-AF2C-497354E890BE}.Debug|x86.ActiveCfg = Debug|Win32
		{B9BF2F99-A144-460C-AF2C-497354E890BE}.Debug|x86.Build.0 = Debug|Win32
		{B9BF2F99-A144-460C-AF2C-497354E890BE}.Release|x64.ActiveCfg = Release|x64
		{B9BF2F99-A144-460C-AF2C-497354E890BE}.Release|x64.Build.0 = Release|x64
		{B9BF2F99-A144-460C-AF2C-497354E890BE}.Release|x86.ActiveCfg = Release|Win32
		{B9BF2F99-A144-460C-AF2C-497354E890BE}.Release|x86.Build.0 = Release|Win32
		{357FD772-5D22-44C7-BAAA-089946408D35}.Debug|x64.ActiveCfg = Debug|x64
		{357FD772-5D22-44C7-BAAA-089946408D35}.Debug|x64.Build.0 = Debug|x64
		{357FD772-5D22-44C7-BAAA-089946408D35}.Debug|x86.ActiveCfg = Debug|Win32
		{357FD772-5D22-44C7-BAAA-089946408D35}.Debug|x86.Build.0 = Debug|Win32
		{357FD772-5D22-44C7-BAAA-089946408D35}.Release|x64.ActiveCfg = Release|x64
		{357FD772-5D22-44C7-BAAA-089946408D35}.Release|x64.Build.0 = Release|x64
		{357FD772-5D22-44C7-BAAA-089946408D35}.Release|x86.ActiveCfg = Release|Win32
		{357FD772-5D22-44C7-BAAA-089946408D35}.Release|x86.Build.0 = Release|Win32
		{17AF7F6B-72EA-41ED-A09E-2FC07E7CA2ED}.Debug|x64.ActiveCfg = Debug|x64
		{17AF7F6B-72EA-41ED-A09E-2FC07E7CA2ED}.Debug|x64.Build.0 = Debug|x64
		{17AF7F6B-72EA-41ED-A09E-2FC07E7CA2ED}.Debug|x86.ActiveCfg = Debug|Win32
		{17AF7F6B-72EA-41ED-A09E-2FC07E7CA2ED}.Debug|x86.Build.0 = Debug|Win32
		{17AF7F6B-72EA-41ED-A09E-2FC07E7CA2ED}.Release|x64.ActiveCfg = Release|x64
		{17AF7F6B-72EA-41ED-A09E-2FC07E7CA2ED}.Release|x64.Build.0 = Release|x64
		{17AF7F6B-72EA-41ED-A09E-2FC07E7CA2ED}.Release|x86.ActiveCfg = Release|Win32
		{17AF7F6B-72EA-41ED-A09E-2FC07E7CA2ED}.Release|x86.Build.0 = Release|Win32
		{7C8BAF5B-183F-4734-8FDB-D37F1392A80A}.Debug|x64.ActiveCfg = Debug|x64
		{7C8BAF5B-183F-4734-8FDB-D37F1392A80A}.Debug|x64.Build.0 = Debug|x64
		{7C8BAF5B-183F-4734-8FDB-D37F1392A80A}.Debug|x86.ActiveCfg = Debug|Win32
		{7C8BAF5B-183F-4734-8FDB-D37F1392A80A}.Debug|x86.Build.0 = Debug|Win32
		{7C8BAF5B-183F-4734-8FDB-D37F1392A80A}.Release|x64.ActiveCfg = Release|x64
		{7C8BAF5B-183F-4734-8FDB-D37F1392A80A}.Release|x64.Build.0 = Release|x64
		{7C8BAF5B-183F-4734-8FDB-D37F1392A80A}.Release|x86.ActiveCfg = Release|Win32
		{7C8BAF5B-183F-4734-8FDB-D37F1392A80A}.Release|x86.Build.0 = Release|Win32
		{BAB27517-2902-4F86-AF4C-B8C0E3EE8675}.Debug|x64.ActiveCfg = Debug|x64
		{BAB27517-2902-4F86-AF4C-B8C0E3EE8675}.Debug|x64.Build.0 = Debug|x64
		{BAB27517-2902-4F86-AF4C-B8C0E3EE8675}.Debug|x86.ActiveCfg = Debug|Win32
		{BAB27517-2902-4F86-AF4C-B8C0E3EE8675}.Debug|x86.Build.0 = Debug|Win32
		{BAB27517-2902-4F86-AF4C-B8C0E3EE8675}.Release|x64.ActiveCfg = Release|x64
		{BAB27517-2902-4F86-AF4C-B8C0E3EE8675}.Release|x64.Build.0 = Release|x64
		{BAB27517-2902-4F86-AF4C-B8C0E3EE8675}.Release|x86.ActiveCfg = Release|Win32
		{BAB27517-2902-4F86-AF4C-B8C0E3EE8675}.Release|x86.Build.0 = Release|Win32
		{BE6927C8-7B61-4CB4-A097-342B7D1E3428}.Debug|x64.ActiveCfg = Debug|x64
		{BE6927C8-7B61-4CB4-A097-342B7D1E3428}.Debug|x64.Build.0 = Debug|x64
		{BE6927C8-7B61-4CB4-A097-342B7D1E3428}.Debug|x86.ActiveCfg = Debug|Win32
		{BE6927C8-7B61-4CB4-A097-342B7D1E3428}.Debug|x86.Build.0 = Debug|Win32
		{BE6927C8-7B61-4CB4-A097-342B7D1E3428}.Release|x64.ActiveCfg = Release|x64
		{BE6927C8-7B61-4CB4-A097-342B7D1E3428}.Release|x64.Build.0 = Release|x64
		{BE6927C8-7B61-4CB4-A097-342B7D1E3428}.Release|x86.ActiveCfg = Release|Win32
		{BE6927C8-7B61-4CB4-A097-342B7D1E3428}.Release|x86.Build.0 = Release|Win32
		{30B359CE-457B-49A4-AA5D-5F7372A4C88F}.Debug|x64.ActiveCfg = Debug|x64
		{30B359CE-457B-49A4-AA5D-5F7372A4C88F}.Debug|x64.Build.0 = Debug|x64
		{30B359CE-457B-49A4-AA5D-5F7372A4C88F}.Debug|x86.ActiveCfg = Debug|Win32
		{30B359CE-457B-49A4-AA5D-5F7372A4C88F}.Debug|x86.Build.0 = Debug|Win32
		{30B359CE-457B-49A4-AA5D-5F7372A4C88F}.Release|x64.ActiveCfg = Release|x64
		{30B359CE-457B-49A4-AA5D-5F7372A4C88F}.Release|x64.Build.0 = Release|x64
		{30B359CE-457B-49A4-AA5D-5F7372A4C88F}.Release|x86.ActiveCfg = Release|Win32
		{30B359CE-457B-49A4-AA5D-5F7372A4C88F}.Release|x86.Build.0 = Release|Win32
		{91E48D7E-7B17-456C-BD69-3300DD5B0151}.Debug|x64.ActiveCfg = Debug|x64
		{91E48D7E-7B17-456C-BD69-3300DD5B0151}.Debug|x64.Build.0 = Debug|x64
		{91E48D7E-7B17-456C-BD69-3300DD5B0151}.Debug|x86.ActiveCfg = Debug|Win32
		{91E48D7E-7B17-456C-BD69-3300DD5B0151}.Debug|x86.Build.0 = Debug|Win32
		{91E48D7E-7B17-456C-BD69-3300DD5B0151}.Release|x64.ActiveCfg = Release|x64
		{91E48D7E-7B17-456C-BD69-3300DD5B0151}.Release|x64.Build.0 = Release|x64
		{91E48D7E-7B17-456C-BD69-3300DD5B0151}.Release|x86.ActiveCfg = Release|Win32
		{91E48D7E-7B17-456C-BD69-3300DD5B0151}.Release|x86.Build.0 = Release|Win32
		{459BE821-8E70-490F-BDAA-F48942C722D3}.Debug|x64.ActiveCfg = Debug|x64
		{459BE821-8E70-490F-BDAA-F48942C722D3}.Debug|x64.Build.0 = Debug|x64
		{459BE821-8E70-490F-BDAA-F48942C722D3}.Debug|x86.ActiveCfg = Debug|Win32
		{459BE821-8E70-490F-BDAA-F48942C722D3}.Debug|x86.Build.0 = Debug|Win32
		{459BE821-8E70-490F-BDAA-F48942C722D3}.Release|x64.ActiveCfg = Release|x64
		{459BE821-8E70-490F-BDAA-F48942C722D3}.Release|x64.Build.0 = Release|x64
		{459BE821-8E70-490F-BDAA-F48942C722D3}.Release|x86.ActiveCfg = Release|Win32
		{459BE821-8E70-490F-BDAA-F48942C722D3}.Release|x86.Build.0 = Release|Win32
		{119085C3-24A4-4C1C-AA0F-E8D2290414A3}.Debug|x64.ActiveCfg = Debug|x64
		{119085C3-24A4-4C1C-AA0F-E8D2290414A3}.Debug|x64.Build.0 = Debug|x64
		{119085C3-24A4-4C1C-AA0F-E8D2290414A3}.Debug|x86.ActiveCfg = Debug|Win32
		{119085C3-24A4-4C1C-AA0F-E8D2290414A3}.Debug|x86.Build.0 = Debug|Win32
		{119085C3-24A4-4C1C-AA0F-E8D2290414A3}.Release|x64.ActiveCfg = Release|x64
		{119085C3-24A4-4C1C-AA0F-E8D2290414A3}.Release|x64.Build.0 = Release|x64
		{119085C3-24A4-4C1C-AA0F-E8D2290414A3}.Release|x86.ActiveCfg = Release|Win32
		{119085C3-24A4-4C1C-AA0F-E8D2290414A3}.Release|x86.Build.0 = Release|Win32
		{086A3CC1-3AF8-4AC2-B1E7-14AAD002BB59}.Debug|x64.ActiveCfg = Debug|x64
		{086A3CC1-3AF8-4AC2-B1E7-14AAD002BB59}.Debug|x64.Build.0 = Debug|x64
		{086A3CC1-3AF8-4AC2-B1E7-14AAD002BB59}.Debug|x86.ActiveCfg = Debug|Win32
		{086A3CC1-3AF8-4AC2-B1E7-14AAD002BB59}.Debug|x86.Build.0 = Debug|Win32
		{086A3CC1-3AF8-4AC2-B1E7-14AAD002BB59}.Release|x64.ActiveCfg = Release|x64
		{086A3CC1-3AF8-4AC2-B1E7-14AAD002BB59}.Release|x64.Build.0 = Release|x64
		{086A3CC1-3AF8-4AC2-B1E7-14AAD002BB59}.Release|x86.ActiveCfg = Release|Win32
		{086A3CC1-3AF8-4AC2-B1E7-14AAD002BB59}.Release|x86.Build.0 = Release|Win32
		{06B53CEE-231A-41BB-9DB7-6DF91A4DF9AF}.Debug|x64.ActiveCfg = Debug|x64
		{06B53CEE-231A-41BB-9DB7-6DF91A4DF9AF}.Debug|x64.Build.0 = Debug|x64
		{06B53CEE-231A-41BB-9DB7-6DF91A4DF9AF}.Debug|x86.ActiveCfg = Debug|Win32
		{06B53CEE-231A-41BB-9DB7-6DF91A4DF9AF}.Debug|x86.Build.0 = Debug|Win32
		{06B53CEE-231A-41BB-9DB7-6DF91A4DF9AF}.Release|x64.ActiveCfg = Release|x64
		{06B53CEE-231A-41BB-9DB7-6DF91A4DF9AF}.Release|x64.Build.0 = Release|x64
		{06B53CEE-231A-41BB-9DB7-6DF91A4DF9AF}.Release|x86.ActiveCfg = Release|Win32
		{06B53CEE-231A-41BB-9DB7-6DF91A4DF9AF}.Release|x86.Build.0 = Release|Win32
		{FB576A7A-CF94-4A98-8711-6D5525BECC9F}.Debug|x64.ActiveCfg = Debug|x64
		{FB576A7A-CF94-4A98-8711-6D5525BECC9F}.Debug|x64.Build.0 = Debug|x64
		{FB576A7A-CF94-4A98-8711-6D5525BECC9F}.Debug|x86.ActiveCfg = Debug|Win32
		{FB576A7A-CF94-4A98-8711-6D5525BECC9F}.Debug|x86.Build.0 = Debug|Win32
		{FB576A7A-CF94-4A98-8711-6D5525BECC9F}.Release|x64.ActiveCfg = Release|x64
		{FB576A7A-CF94-4A98-8711-6D5525BECC9F}.Release|x64.Build.0 = Release|x64
		{FB576A7A-CF94-4A98-8711-6D5525BECC9F}.Release|x86.ActiveCfg = Release|Win32
		{FB576A7A-CF94-4A98-8711-6D5525BECC9F}.Release|x86.Build.0 = Release|Win32
		{35798F05-8666-47AA-AECE-DEF0726C57FF}.Debug|x64.ActiveCfg = Debug|x64
		{35798F05-8666-47AA-AECE-DEF0726C57FF}.Debug|x64.Build.0 = Debug|x64
		{35798F05-8666-47AA-AECE-DEF0726C57FF}.Debug|x86.ActiveCfg = Debug|Win32
		{35798F05-8666-47AA-AECE-DEF0726C57FF}.Debug|x86.Build.0 = Debug|Win32
		{35798F05-8666-47AA-AECE-DEF0726C57FF}.Release|x64.ActiveCfg = Release|x64
		{35798F05-8666-47AA-AECE-DEF0726C57FF}.Release|x64.Build.0 = Release|x64
		{35798F05-8666-47AA-AECE-DEF0726C57FF}.Release|x86.ActiveCfg = Release|Win32
		{35798F05-8666-47AA-AECE-DEF0726C57FF}.Release|x86.Build.0 = Release|Win32
		{CE20F08D-4F39-452E-B89E-DDDC6FD8FBA9}.Debug|x64.ActiveCfg = Debug|x64
		{CE20F08D-4F39-452E-B89E-DDDC6FD8FBA9}.Debug|x64.Build.0 = Debug|x64
		{CE20F08D-4F39-452E-B89E-DDDC6FD8FBA9}.Debug|x86.ActiveCfg = Debug|Win32
		{CE20F08D-4F39-452E-B89E-DDDC6FD8FBA9}.Debug|x86.Build.0 = Debug|Win32
		{CE20F08D-4F39-452E-B89E-DDDC6FD8FBA9}.Release|x64.ActiveCfg = Release|x64
		{CE20F08D-4F39-452E-B89E-DDDC6FD8FBA9}.Release|x64.Build.0 = Release|x64
		{CE20F08D-4F39-452E-B89E-DDDC6FD8FBA9}.Release|x86.ActiveCfg = Release|Win32
		{CE20F08D-4F39-452E-B89E-DDDC6FD8FBA9}.Release|x86.Build.0 = Release|Win32
		{9FCB777C-E069-4DAC-BBF4-51ADD176D05E}.Debug|x64.ActiveCfg = Debug|x64
		{9FCB777C-E069-4DAC-BBF4-51ADD176D05E}.Debug|x64.Build.0 = Debug|x64
		{9FCB777C-E069-4DAC-BBF4-51ADD176D05E}.Debug|x86.ActiveCfg = Debug|Win32
		{9FCB777C-E069-4DAC-BBF4-51ADD176D05E}.Debug|x86.Build.0 = Debug|Win32
		{9FCB777C-E069-4DAC-BBF4-51ADD176D05E}.Release|x64.ActiveCfg = Release|x64
		{9FCB777C-E069-4DAC-BBF4-51ADD176D05E}.Release|x64.Build.0 = Release|x64
		{9FCB777C-E069-4DAC-BBF4-51ADD176D05E}.Release|x86.ActiveCfg = Release|Win32
		{9FCB777C-E069-4DAC-BBF4-51ADD176D05E}.Release|x86.Build.0 = Release|Win32
		{C5536783-ADEF-4557-A3AB-8A46F23435A4}.Debug|x64.ActiveCfg = Debug|x64
		{C5536783-ADEF-4557-A3AB-8A46F23435A4}.Debug|x64.Build.0 = Debug|x64
		{C5536783-ADEF-4557-A3AB-8A46F23435A4}.Debug|x86.ActiveCfg = Debug|Win32
		{C5536783-ADEF-4557-A3AB-8A46F23435A4}.Debug|x86.Build.0 = Debug|Win32
		{C5536783-ADEF-4557-A3AB-8A46F23435A4}.Release|x64.ActiveCfg = Release|x64
		{C5536783-ADEF-4557-A3AB-8A46F23435A4}.Release|x64.Build.0 = Release|x64
		{C5536783-ADEF-4557-A3AB-8A46F23435A4}.Release|x86.ActiveCfg = Release|Win32
		{C5536783-ADEF-4557-A3AB-8A46F23435A4}.Release|x86.Build.0 = Release|Win32
		{B2D0C8E6-E82F-467B-8585-2DE551BBC878}.Debug|x64.ActiveCfg = Debug|x64
		{B2D0C8E6-E82F-467B-8585-2DE551BBC878}.Debug|x64.Build.0 = Debug|x64
		{B2D0C8E6-E82F-467B-8585-2DE551BBC878}.Debug|x86.ActiveCfg = Debug|Win32
		{B2D0C8E6-E82F-467B-8585-2DE551BBC878}.Debug|x86.Build.0 = Debug|Win32
		{B2D0C8E6-E82F-467B-8585-2DE551BBC878}.Release|x64.ActiveCfg = Release|x64
		{B2D0C8E6-E82F-467B-8585-2DE551BBC878}.Release|x64.Build.0 = Release|x64
		{B2D0C8E6-E82F-467B-8585-2DE551BBC878}.Release|x86.ActiveCfg = Release|Win32
		{B2D0C8E6-E82F-467B-8585-2DE551BBC878}.Release|x86.Build.0 = Release|Win32
		{B2A10D15-1351-4598-BB92-7A40CFF4D626}.Debug|x64.ActiveCfg = Debug|x64
		{B2A10D15-1351-4598-BB92-7A40CFF4D626}.Debug|x64.Build.0 = Debug|x64
		{B2A10D15-1351-4598-BB92-7A40CFF4D626}.Debug|x86.ActiveCfg = Debug|Win32
		{B2A10D15-1351-4598-BB92-7A40CFF4D626}.Debug|x86.Build.0 = Debug|Win32
		{B2A10D15-1351-4598-BB92-7A40CFF4D626}.Release|x64.ActiveCfg = Release|x64
		{B2A10D15-1351-4598-BB92-7A40CFF4D626}.Release|x64.Build.0 = Release|x64
		{B2A10D15-1351-4598-BB92-7A40CFF4D626}.Release|x86.ActiveCfg = Release|Win32
		{B2A10D15-1351-4598-BB92-7A40CFF4D626}.Release|x86.Build.0 = Release|Win32
		{C7A67B63-B806-40F6-8488-2BBF91E8B01E}.Debug|x64.ActiveCfg = Debug|x64
		{C7A67B63-B806-40F6-8488-2BBF91E8B01E}.Debug|x64.Build.0 = Debug|x64
		{C7A67B63-B806-40F6-8488-2BBF91E8B01E}.Debug|x86.ActiveCfg = Debug|Win32
		{C7A67B63-B806-40F6-8488-2BBF91E8B01E}.Debug|x86.Build.0 = Debug|Win32
		{C7A67B63-B806-40F6-8488-2BBF91E8B01E}.Release|x64.ActiveCfg = Release|x64
		{C7A67B63-B806-40F6-8488-2BBF91E8B01E}.Release|x64.Build.0 = Release|x64
		{C7A67B63-B806-40F6-8488-2BBF91E8B01E}.Release|x86.ActiveCfg = Release|Win32
		{C7A67B63-B806-40F6-8488-2BBF91E8B01E}.Release|x86.Build.0 = Release|Win32
		{2453B0A8-40B3-4172-9ACA-1A36CEF6A398}.Debug|x64.ActiveCfg = Debug|x64
		{2453B0A8-40B3-4172-9ACA-1A36CEF6A398}.Debug|x64.Build.0 = Debug|x64
		{2453B0A8-40B3-4172-9ACA-1A36CEF6A398}.Debug|x86.ActiveCfg = Debug|Win32
		{2453B0A8-40B3-4172-9ACA-1A36CEF6A398}.Debug|x86.Build.0 = Debug|Win32
		{2453B0A8-40B3-4172-9ACA-1A36CEF6A398}.Release|x64.ActiveCfg = Release|x64
		{2453B0A8-40B3-4172-9ACA-1A36CEF6A398}.Release|x64.Build.0 = Release|x64
		{2453B0A8-40B3-4172-9ACA-1A36CEF6A398}.Release|x86.ActiveCfg = Release|Win32
		{2453B0A8-40B3-4172-9ACA-1A36CEF6A398}.Release|x86.Build.0 = Release|Win32
		{D7CA88FF-1611-4A51-8489-66BF52FC6A0F}.Debug|x64.ActiveCfg = Debug|x64
		{D7CA88FF-1611-4A51-8489-66BF52FC6A0F}.Debug|x64.Build.0 = Debug|x64
		{D7CA88FF-1611-4A51-8489-66BF52FC6A0F}.Debug|x86.ActiveCfg = Debug|Win32
		{D7CA88FF-1611-4A51-8489-66BF52FC6A0F}.Debug|x86.Build.0 = Debug|Win32
		{D7CA88FF-1611-4A51-8489-66BF52FC6A0F}.Release|x64.ActiveCfg = Release|x64
		{D7CA88FF-1611-4A51-8489-66BF52FC6A0F}.Release|x64.Build.0 = Release|x64
		{D7CA88FF-1611-4A51-8489-66BF52FC6A0F}.Release|x86.ActiveCfg = Release|Win32
		{D7CA88FF-1611-4A51-8489-66BF52FC6A0F}.Release|x86.Build.0 = Release|Win32
		{D108A3E3-E31E-4006-89B0-8490B28B9673}.Debug|x64.ActiveCfg = Debug|x64
		{D108A3E3-E31E-4006-89B0-8490B28B9673}.Debug|x64.Build.0 = Debug|x64
		{D108A3E3-E31E-4006-89B0-8490B28B9673}.Debug|x86.ActiveCfg = Debug|Win32
		{D108A3E3-E31E-4006-89B0-8490B28B9673}.Debug|x86.Build.0 = Debug|Win32
		{D108A3E3-E31E-4006-89B0-8490B28B9673}.Release|x64.ActiveCfg = Release|x64
		{D108A3E3-E31E-4006-89B0-8490B28B9673}.Release|x64.Build.0 = Release|x64
		{D108A3E3-E31E-4006-89B0-8490B28B9673}.Release|x86.ActiveCfg = Release|Win32
		{D108A3E3-E31E-4006-89B0-8490B28B9673}.Release|x86.Build.0 = Release|Win32
		{B01414BF-8420-46E3-A1A1-3C748BDD7F04}.Debug|x64.ActiveCfg = Debug|x64
		{B01414BF-8420-46E3-A1A1-3C748BDD7F04}.Debug|x64.Build.0 = Debug|x64
		{B01414BF-8420-46E3-A1A1-3C748BDD7F04}.Debug|x86.ActiveCfg = Debug|Win32
		{B01414BF-8420-46E3-A1A1-3C748BDD7F04}.Debug|x86.Build.0 = Debug|Win32
		{B01414BF-8420-46E3-A1A1-3C748BDD7F04}.Release|x64.ActiveCfg = Release|x64
		{B01414BF-8420-46E3-A1A1-3C748BDD7F04}.Release|x64.Build.0 = Release|x64
		{B01414BF-8420-46E3-A1A1-3C748BDD7F04}.Release|x86.ActiveCfg = Release|Win32
		{B01414BF-8420-46E3-A1A1-3C748BDD7F04}.Release|x86.Build.0 = Release|Win32
		{CD2E4E91-E3C3-4A14-97DB-1E86B18B6179}.Debug|x64.ActiveCfg = Debug|x64
		{CD2E4E91-E3C3-4A14-97DB-1E86B18B6179}.Debug|x64.Build.0 = Debug|x64
		{CD2E4E91-E3C3-4A14-97DB-1E86B18B6179}.Debug|x86.ActiveCfg = Debug|Win32
		{CD2E4E91-E3C3-4A14-97DB-1E86B18B6179}.Debug|x86.Build.0 = Debug|Win32
		{CD2E4E91-E3C3-4A14-97DB-1E86B18B6179}.Release|x64.ActiveCfg = Release|x64
		{CD2E4E91-E3C3-4A14-97DB-1E86B18B6179}.Release|x64.Build.0 = Release|x64
		{CD2E4E91-E3C3-4A14-97DB-1E86B18B6179}.Release|x86.ActiveCfg = Release|Win32
		{CD2E4E91-E3C3-4A14-97DB-1E86B18B6179}.Release|x86.Build.0 = Release|Win32
		{FC6E0BCC-514F-44FD-9439-03E4615426DA}.Debug|x64.ActiveCfg = Debug|x64
		{FC6E0BCC-514F-44FD-9439-03E4615426DA}.Debug|x64.Build.0 = Debug|x64
		{FC6E0BCC-514F-44FD-9439-03E4615426DA}.Debug|x86.ActiveCfg = Debug|Win32
		{FC6E0BCC-514F-44FD-9439-03E4615426DA}.Debug|x86.Build.0 = Debug|Win32
		{FC6E0BCC-514F-44FD-9439-03E4615426DA}.Release|x64.ActiveCfg = Release|x64
		{FC6E0BCC-514F-44FD-9439-03E4615426DA}.Release|x64.Build.0 = Release|x64
		{FC6E0BCC-514F-44FD-9439-03E4615426DA}.Release|x86.ActiveCfg = Release|Win32
		{FC6E0BCC-514F-44FD-9439-03E4615426DA}.Release|x86.Build.0 = Release|Win32
		{F8955F58-3CC7-4C6D-B0FD-A3B00465C79E}.Debug|x64.ActiveCfg = Debug|x64
		{F8955F58-3CC7-4C6D-B0FD-A3B00465C79E}.Debug|x64.Build.0 = Debug|x64
		{F8955F58-3CC7-4C6D-B0FD-A3B00465C79E}.Debug|x86.ActiveCfg = Debug|Win32
		{F8955F58-3CC7-4C6D-B0FD-A3B00465C79E}.Debug|x86.Build.0 = Debug|Win32
		{F8955F58-3CC7-4C6D-B0FD-A3B00465C79E}.Release|x64.ActiveCfg = Release|x64
		{F8955F58-3CC7-4C6D-B0FD-A3B00465C79E}.Release|x64.Build.0 = Release|x64
		{F8955F58-3CC7-4C6D-B0FD-A3B00465C79E}.Release|x86.ActiveCfg = Release|Win32
		{F8955F58-3CC7-4C6D-B0FD-A3B00465C79E}.Release|x86.Build.0 = Release|Win32
		{95E8F6FB-E239-4EF5-BF24-A6FED3C1FF5D}.Debug|x64.ActiveCfg = Debug|x64
		{95E8F6FB-E239-4EF5-BF24-A6FED3C1FF5D}.Debug|x64.Build.0 = Debug|x64
		{95E8F6FB-E239-4EF5-BF24-A6FED3C1FF5D}.Debug|x86.ActiveCfg = Debug|Win32
		{95E8F6FB-E239-4EF5-BF24-A6FED3C1FF5D}.Debug|x86.Build.0 = Debug|Win32
		{95E8F6FB-E239-4EF5-BF24-A6FED3C1FF5D}.Release|x64.ActiveCfg = Release|x64
		{95E8F6FB-E239-4EF5-BF24-A6FED3C1FF5D}.Release|x64.Build.0 = Release|x64
		{95E8F6FB-E239-4EF5-BF24-A6FED3C1FF5D}.Release|x86.ActiveCfg = Release|Win32
		{95E8F6FB-E239-4EF5-BF24-A6FED3C1FF5D}.Release|x86.Build.0 = Release|Win32
		{5C7AB469-5D7D-41CE-9FA7-3E8B313A7D23}.Debug|x64.ActiveCfg = Debug|x64
		{5C7AB469-5D7D-41CE-9FA7-3E8B313A7D23}.Debug|x64.Build.0 = Debug|x64
		{5C7AB469-5D7D-41CE-9FA7-3E8B313A7D23}.Debug|x86.ActiveCfg = Debug|Win32
		{5C7AB469-5D7D-41CE-9FA7-3E8B313A7D23}.Debug|x86.Build.0 = Debug|Win32
		{5C7AB469-5D7D-41CE-9FA7-3E8B313A7D23}.Release|x64.ActiveCfg = Release|x64
		{5C7AB469-5D7D-41CE-9FA7-3E8B313A7D23}.Release|x64.Build.0 = Release|x64
		{5C7AB469-5D7D-41CE-9FA7-3E8B313A7D23}.Release|x86.ActiveCfg = Release|Win32
		{5C7AB469-5D7D-41CE-9FA7-3E8B313A7D23}.Release|x86.Build.0 = Release|Win32
		{231989DE-A2B7-40D9-9C44-C1F1264A9068}.Debug|x64.ActiveCfg = Debug|x64
		{231989DE-A2B7-40D9-9C44-C1F1264A9068}.Debug|x64.Build.0 = Debug|x64
		{231989DE-A2B7-40D9-9C44-C1F1264A9068}.Debug|x86.ActiveCfg = Debug|Win32
		{231989DE-A2B7-40D9-9C44-C1F1264A9068}.Debug|x86.Build.0 = Debug|Win32
		{231989DE-A2B7-40D9-9C44-C1F1264A9068}.Release|x64.ActiveCfg = Release|x64
		{231989DE-A2B7-40D9-9C44-C1F1264A9068}.Release|x64.Build.0 = Release|x64
		{231989DE-A2B7-40D9-9C44-C1F1264A9068}.Release|x86.ActiveCfg = Release|Win32
		{231989DE-A2B7-40D9-9C44-C1F1264A9068}.Release|x86.Build.0 = Release|Win32
		{2AF358D0-0218-44EF-8E90-3F5915EFC4FD}.Debug|x64.ActiveCfg = Debug|x64
		{2AF358D0-0218-44EF-8E90-3F5915EFC4FD}.Debug|x64.Build.0 = Debug|x64
		{2AF358D0-0218-44EF-8E90-3F5915EFC4FD}.Debug|x86.ActiveCfg = Debug|Win32
		{2AF358D0-0218-44EF-8E90-3F5915EFC4FD}.Debug|x86.Build.0 = Debug|Win32
		{2AF358D0-0218-44EF-8E90-3F5915EFC4FD}.Release|x64.ActiveCfg = Release|x64
		{2AF358D0-0218-44EF-8E90-3F5915EFC4FD}.Release|x64.Build.0 = Release|x64
		{2AF358D0-0218-44EF-8E90-3F5915EFC4FD}.Release|x86.ActiveCfg = Release|Win32
		{2AF358D0-0218-44EF-8E90-3F5915EFC4FD}.Release|x86.Build.0 = Release|Win32
		{D6AD9188-3928-4D67-B63B-0BE2B495A0FA}.Debug|x64.ActiveCfg = Debug|x64
		{D6AD9188-3928-4D67-B63B-0BE2B495A0FA}.Debug|x64.Build.0 = Debug|x64
		{D6AD9188-3928-4D67-B63B-0BE2B495A0FA}.Debug|x86.ActiveCfg = Debug|Win32
		{D6AD9188-3928-4D67-B63B-0BE2B495A0FA}.Debug|x86.Build.0 = Debug|Win32
		{D6AD9188-3928-4D67-B63B-0BE2B495A0FA}.Release|x64.ActiveCfg = Release|x64
		{D6AD9188-3928-4D67-B63B-0BE2B495A0FA}.Release|x64.Build.0 = Release|x64
		{D6AD9188-3928-4D67-B63B-0BE2B495A0FA}.Release|x86.ActiveCfg = Release|Win32
		{D6AD9188-3928-4D67-B63B-0BE2B495A0FA}.Release|x86.Build.0 = Release|Win32
		{C32A8B90-2E83-442F-B9DA-F0EF29930A43}.Debug|x64.ActiveCfg = Debug|x64
		{C32A8B90-2E83-442F-B9DA-F0EF29930A43}.Debug|x64.Build.0 = Debug|x64
		{C32A8B90-2E83-442F-B9DA-F0EF29930A43}.Debug|x86.ActiveCfg = Debug|Win32
		{C32A8B90-2E83-442F-B9DA-F0EF29930A43}.Debug|x86.Build.0 = Debug|Win32
		{C32A8B90-2E83-442F-B9DA-F0EF29930A43}.Release|x64.ActiveCfg = Release|x64
		{C32A8B90-2E83-442F-B9DA-F0EF29930A43}.Release|x64.Build.0 = Release|x64
		{C32A8B90-2E83-442F-B9DA-F0EF29930A43}.Release|x86.ActiveCfg = Release|Win32
		{C32A8B90-2E83-442F-B9DA-F0EF29930A43}.Release|x86.Build.0 = Release|Win32
		{4DCA6A52-0DAD-465D-8E5F-7C4FE1657C28}.Debug|x64.ActiveCfg = Debug|x64
		{4DCA6A52-0DAD-465D-8E5F-7C4FE1657C28}.Debug|x64.Build.0 = Debug|x64
		{4DCA6A52-0DAD-465D-8E5F-7C4FE1657C28}.Debug|x86.ActiveCfg = Debug|Win32
		{4DCA6A52-0DAD-465D-8E5F-7C4FE1657C28}.Debug|x86.Build.0 = Debug|Win32
		{4DCA6A52-0DAD-465D-8E5F-7C4FE1657C28}.Release|x64.ActiveCfg = Release|x64
		{4DCA6A52-0DAD-465D-8E5F-7C4FE1657C28}.Release|x64.Build.0 = Release|x64
		{4DCA6A52-0DAD-465D-8E5F-7C4FE1657C28}.Release|x86.ActiveCfg = Release|Win32
		{4DCA6A52-0DAD-465D-8E5F-7C4FE1657C28}.Release|x86.Build.0 = Release|Win32
		{C3B467EB-6415-4699-9EFD-07038641BAA5}.Debug|x64.ActiveCfg = Debug|x64
		{C3B467EB-6415-4699-9EFD-07038641BAA5}.Debug|x64.Build.0 = Debug|x64
		{C3B467EB-6415-4699-9EFD-07038641BAA5}.Debug|x86.ActiveCfg = Debug|Win32
		{C3B467EB-6415-4699-9EFD-07038641BAA5}.Debug|x86.Build.0 = Debug|Win32
		{C3B467EB-6415-4699-9EFD-07038641BAA5}.Release|x64.ActiveCfg = Release|x64
		{C3B467EB-6415-4699-9EFD-07038641BAA5}.Release|x64.Build.0 = Release|x64
		{C3B467EB-6415-4699-9EFD-07038641BAA5}.Release|x86.ActiveCfg = Release|Win32
		{C3B467EB-6415-4699-9EFD-07038641BAA5}.Release|x86.Build.0 = Release|Win32
		{6E573232-F53A-403F-B516-811B4FC93A87}.Debug|x64.ActiveCfg = Debug|x64
		{6E573232-F53A-403F-B516-811B4FC93A87}.Debug|x64.Build.0 = Debug|x64
		{6E573232-F53A-403F-B516-811B4FC93A87}.Debug|x86.ActiveCfg = Debug|Win32
		{6E573232-F53A-403F-B516-811B4FC93A87}.Debug|x86.Build.0 = Debug|Win32
		{6E573232-F53A-403F-B516-811B4FC93A87}.Release|x64.ActiveCfg = Release|x64
		{6E573232-F53A-403F-B516-811B4FC93A87}.Release|x64.Build.0 = Release|x64
		{6E573232-F53A-403F-B516-811B4FC93A87}.Release|x86.ActiveCfg = Release|Win32
		{6E573232-F53A-403F-B516-811B4FC93A87}.Release|x86.Build.0 = Release|Win32
		{8FAF24BE-AB30-43AD-9F08-3D4E1B37F282}.Debug|x64.ActiveCfg = Debug|x64
		{8FAF24BE-AB30-43AD-9F08-3D4E1B37F282}.Debug|x64.Build.0 = Debug|x64
		{8FAF24BE-AB30-43AD-9F08-3D4E1B37F282}.Debug|x86.ActiveCfg = Debug|Win32
		{8FAF24BE-AB30-43AD-9F08-3D4E1B37F282}.Debug|x86.Build.0 = Debug|Win32
		{8FAF24BE-AB30-43AD-9F08-3D4E1B37F282}.Release|x64.ActiveCfg = Release|x64
		{8FAF24BE-AB30-43AD-9F08-3D4E1B37F282}.Release|x64.Build.0 = Release|x64
		{8FAF24BE-AB30-43AD-9F08-3D4E1B37F282}.Release|x86.ActiveCfg = Release|Win32
		{8FAF24BE-AB30-43AD-9F08-3D4E1B37F282}.Release|x86.Build.0 = Release|Win32
		{925C29F6-5E47-403A-9CCE-FBD64B843491}.Debug|x64.ActiveCfg = Debug|x64
		{925C29F6-5E47-403A-9CCE-FBD64B843491}.Debug|x64.Build.0 = Debug|x64
		{925C29F6-5E47-403A-9CCE-FBD64B843491}.Debug|x86.ActiveCfg = Debug|Win32
		{925C29F6-5E47-403A-9CCE-FBD64B843491}.Debug|x86.Build.0 = Debug|Win32
		{925C29F6-5E47-403A-9CCE-FBD64B843491}.Release|x64.ActiveCfg = Release|x64
		{925C29F6-5E47-403A-9CCE-FBD64B843491}.Release|x64.Build.0 = Release|x64
		{925C29F6-5E47-403A-9CCE-FBD64B843491}.Release|x86.ActiveCfg = Release|Win32
		{925C29F6-5E47-403A-9CCE-FBD64B843491}.Release|x86.Build.0 = Release|Win32
		{7AFC58A2-75BF-4622-8CEA-3971F4F10FA6}.Debug|x64.ActiveCfg = Debug|x64
		{7AFC58A2-75BF-4622-8CEA-3971F4F10FA6}.Debug|x64.Build.0 = Debug|x64
		{7AFC58A2-75BF-4622-8CEA-3971F4F10FA6}.Debug|x86.ActiveCfg = Debug|Win32
		{7AFC58A2-75BF-4622-8CEA-3971F4F10FA6}.Debug|x86.Build.0 = Debug|Win32
		{7AFC58A2-75BF-4622-8CEA-3971F4F10FA6}.Release|x64.ActiveCfg = Release|x64
		{7AFC58A2-75BF-4622-8CEA-3971F4F10FA6}.Release|x64.Build.0 = Release|x64
		{7AFC58A2-75BF-4622-8CEA-3971F4F10FA6}.Release|x86.ActiveCfg = Release|Win32
		{7AFC58A2-75BF-4622-8CEA-3971F4F10FA6}.Release|x86.Build.0 = Release|Win32
		{CD8CF7C1-A0C0-4840-A007-063B26049DA5}.Debug|x64.ActiveCfg = Debug|x64
		{CD8CF7C1-A0C0-4840-A007-063B26049DA5}.Debug|x64.Build.0 = Debug|x64
		{CD8CF7C1-A0C0-4840-A007-063B26049DA5}.Debug|x86.ActiveCfg = Debug|Win32
		{CD8CF7C1-A0C0-4840-A007-063B26049DA5}.Debug|x86.Build.0 = Debug|Win32
		{CD8CF7C1-A0C0-4840-A007-063B26049DA5}.Release|x64.ActiveCfg = Release|x64
		{CD8CF7C1-A0C0-4840-A007-063B26049DA5}.Release|x64.Build.0 = Release|x64
		{CD8CF7C1-A0C0-4840-A007-063B26049DA5}.Release|x86.ActiveCfg = Release|Win32
		{CD8CF7C1-A0C0-4840-A007-063B26049DA5}.Release|x86.Build.0 = Release|Win32
		{D1A9F2B8-A285-47D7-A658-E5360A488B49}.Debug|x64.ActiveCfg = Debug|x64
		{D1A9F2B8-A285-47D7-A658-E5360A488B49}.Debug|x64.Build.0 = Debug|x64
		{D1A9F2B8-A285-47D7-A658-E5360A488B49}.Debug|x86.ActiveCfg = Debug|Win32
		{D1A9F2B8-A285-47D7-A658-E5360A488B49}.Debug|x86.Build.0 = Debug|Win32
		{D1A9F2B8-A285-47D7-A658-E5360A488B49}.Release|x64.ActiveCfg = Release|x64
		{D1A9F2B8-A285-47D7-A658-E5360A488B49}.Release|x64.Build.0 = Release|x64
		{D1A9F2B8-A285-47D7-A658-E5360A488B49}.Release|x86.ActiveCfg = Release|Win32
		{D1A9F2B8-A285-47D7-A658-E5360A488B49}.Release|x86.Build.0 = Release|Win32
		{E3585E51-F97C-4EB9-9F06-B5E352B872DB}.Debug|x64.ActiveCfg = Debug|x64
		{E3585E51-F97C-4EB9-9F06-B5E352B872DB}.Debug|x64.Build.0 = Debug|x64
		{E3585E51-F97C-4EB9-9F06-B5E352B872DB}.Debug|x86.ActiveCfg = Debug|Win32
		{E3585E51-F97C-4EB9-9F06-B5E352B872DB}.Debug|x86.Build.0 = Debug|Win32
		{E3585E51-F97C-4EB9-9F06-B5E352B872DB}.Release|x64.ActiveCfg = Release|x64
		{E3585E51-F97C-4EB9-9F06-B5E352B872DB}.Release|x64.Build.0 = Release|x64
		{E3585E51-F97C-4EB9-9F06-B5E352B872DB}.Release|x86.ActiveCfg = Release|Win32
		{E3585E51-F97C-4EB9-9F06-B5E352B872DB}.Release|x86.Build.0 = Release|Win32
		{41DB2D71-08C8-4F9C-8B54-D86DB53F60E0}.Debug|x64.ActiveCfg = Debug|x64
		{41DB2D71-08C8-4F9C-8B54-D86DB53F60E0}.Debug|x64.Build.0 = Debug|x64
		{41DB2D71-08C8-4F9C-8B54-D86DB53F60E0}.Debug|x86.ActiveCfg = Debug|Win32
		{41DB2D71-08C8-4F9C-8B54-D86DB53F60E0}.Debug|x86.Build.0 = Debug|Win32
		{41DB2D71-08C8-4F9C-8B54-D86DB53F60E0}.Release|x64.ActiveCfg = Release|x64
		{41DB2D71-08C8-4F9C-8B54-D86DB53F60E0}.Release|x64.Build.0 = Release|x64
		{41DB2D71-08C8-4F9C-8B54-D86DB53F60E0}.Release|x86.ActiveCfg = Release|Win32
		{41DB2D71-08C8-4F9C-8B54-D86DB53F60E0}.Release|x86.Build.0 = Release|Win32
		{0DD77C55-4386-449D-8B61-64B3B157CD01}.Debug|x64.ActiveCfg = Debug|x64
		{0DD77C55-4386-449D-8B61-64B3B157CD01}.Debug|x64.Build.0 = Debug|x64
		{0DD77C55-4386-449D-8B61-64B3B157CD01}.Debug|x86.ActiveCfg = Debug|Win32
		{0DD77C55-4386-449D-8B61-64B3B157CD01}.Debug|x86.Build.0 = Debug|Win32
		{0DD77C55-4386-449D-8B61-64B3B157CD01}.Release|x64.ActiveCfg = Release|x64
		{0DD77C55-4386-449D-8B61-64B3B157CD01}.Release|x64.Build.0 = Release|x64
		{0DD77C55-4386-449D-8B61-64B3B157CD01}.Release|x86.ActiveCfg = Release|Win32
		{0DD77C55-4386-449D-8B61-64B3B157CD01}.Release|x86.Build.0 = Release|Win32
	EndGlobalSection
	GlobalSection(SolutionProperties) = preSolution
		HideSolutionNode = FALSE
	EndGlobalSection
	GlobalSection(ExtensibilityGlobals) = postSolution
		SolutionGuid = {72E8EE02-7AFB-42EE-952F-B5FD8B788228}
	EndGlobalSection
EndGlobal
