
Microsoft Visual Studio Solution File, Format Version 12.00
# Visual Studio 15
VisualStudioVersion = 15.0.28010.2036
MinimumVisualStudioVersion = 10.0.40219.1
Project("{8BC9CEB8-8B4A-11D0-8D11-00A0C91BC942}") = "L10.2.1", "L10.2.1\L10.2.1.vcxproj", "{CA1CFF5D-C10A-4B2B-82EC-FC08CF138AC0}"
EndProject
Project("{8BC9CEB8-8B4A-11D0-8D11-00A0C91BC942}") = "L10.2.2", "L10.2.2\L10.2.2.0.vcxproj", "{AF53A657-6156-4E50-BBB4-687DAD39766A}"
EndProject
Project("{8BC9CEB8-8B4A-11D0-8D11-00A0C91BC942}") = "L10.2.3", "L10.2.3\L10.2.3.0.vcxproj", "{A895A23C-99C4-48D8-B266-62BAAE7C0A79}"
EndProject
Project("{8BC9CEB8-8B4A-11D0-8D11-00A0C91BC942}") = "L10.2.4", "L10.2.4\L10.2.4.0.vcxproj", "{BA2E9E8D-29EB-41C1-86BC-488AD2CD9B58}"
EndProject
Project("{8BC9CEB8-8B4A-11D0-8D11-00A0C91BC942}") = "L10.3.1.0", "L10.3.1.0\L10.3.1.0.vcxproj", "{111F412D-0CC5-41EA-9266-D906EFCAE662}"
EndProject
Project("{8BC9CEB8-8B4A-11D0-8D11-00A0C91BC942}") = "L10.3.1.1", "L10.3.1.1\L10.3.1.1.vcxproj", "{E339C3B5-CFC1-4A62-BFAA-40E163EFF71A}"
EndProject
Project("{8BC9CEB8-8B4A-11D0-8D11-00A0C91BC942}") = "L12.1", "L12.1\L12.1.vcxproj", "{9ECE2703-7B20-431F-8972-D71E5B7E3327}"
EndProject
Project("{8BC9CEB8-8B4A-11D0-8D11-00A0C91BC942}") = "L12.2.0", "L12.2\L12.2.0.vcxproj", "{A8C75362-47F9-42C4-80B6-1084133E9CDF}"
EndProject
Project("{8BC9CEB8-8B4A-11D0-8D11-00A0C91BC942}") = "L12.3.0", "L12.3\L12.3.0.vcxproj", "{627D67F0-D999-41CB-AC1C-17D772962200}"
EndProject
Project("{8BC9CEB8-8B4A-11D0-8D11-00A0C91BC942}") = "L12.4.0", "L12.4.0\L12.4.0.vcxproj", "{AE4695C3-5DB4-4B6B-B7D1-829A5C638812}"
EndProject
Global
	GlobalSection(SolutionConfigurationPlatforms) = preSolution
		Debug|x64 = Debug|x64
		Debug|x86 = Debug|x86
		Release|x64 = Release|x64
		Release|x86 = Release|x86
	EndGlobalSection
	GlobalSection(ProjectConfigurationPlatforms) = postSolution
		{CA1CFF5D-C10A-4B2B-82EC-FC08CF138AC0}.Debug|x64.ActiveCfg = Debug|x64
		{CA1CFF5D-C10A-4B2B-82EC-FC08CF138AC0}.Debug|x64.Build.0 = Debug|x64
		{CA1CFF5D-C10A-4B2B-82EC-FC08CF138AC0}.Debug|x86.ActiveCfg = Debug|Win32
		{CA1CFF5D-C10A-4B2B-82EC-FC08CF138AC0}.Debug|x86.Build.0 = Debug|Win32
		{CA1CFF5D-C10A-4B2B-82EC-FC08CF138AC0}.Release|x64.ActiveCfg = Release|x64
		{CA1CFF5D-C10A-4B2B-82EC-FC08CF138AC0}.Release|x64.Build.0 = Release|x64
		{CA1CFF5D-C10A-4B2B-82EC-FC08CF138AC0}.Release|x86.ActiveCfg = Release|Win32
		{CA1CFF5D-C10A-4B2B-82EC-FC08CF138AC0}.Release|x86.Build.0 = Release|Win32
		{AF53A657-6156-4E50-BBB4-687DAD39766A}.Debug|x64.ActiveCfg = Debug|Win32
		{AF53A657-6156-4E50-BBB4-687DAD39766A}.Debug|x86.ActiveCfg = Debug|Win32
		{AF53A657-6156-4E50-BBB4-687DAD39766A}.Debug|x86.Build.0 = Debug|Win32
		{AF53A657-6156-4E50-BBB4-687DAD39766A}.Release|x64.ActiveCfg = Release|Win32
		{AF53A657-6156-4E50-BBB4-687DAD39766A}.Release|x86.ActiveCfg = Release|Win32
		{AF53A657-6156-4E50-BBB4-687DAD39766A}.Release|x86.Build.0 = Release|Win32
		{A895A23C-99C4-48D8-B266-62BAAE7C0A79}.Debug|x64.ActiveCfg = Debug|Win32
		{A895A23C-99C4-48D8-B266-62BAAE7C0A79}.Debug|x86.ActiveCfg = Debug|Win32
		{A895A23C-99C4-48D8-B266-62BAAE7C0A79}.Debug|x86.Build.0 = Debug|Win32
		{A895A23C-99C4-48D8-B266-62BAAE7C0A79}.Release|x64.ActiveCfg = Release|Win32
		{A895A23C-99C4-48D8-B266-62BAAE7C0A79}.Release|x86.ActiveCfg = Release|Win32
		{A895A23C-99C4-48D8-B266-62BAAE7C0A79}.Release|x86.Build.0 = Release|Win32
		{BA2E9E8D-29EB-41C1-86BC-488AD2CD9B58}.Debug|x64.ActiveCfg = Debug|Win32
		{BA2E9E8D-29EB-41C1-86BC-488AD2CD9B58}.Debug|x86.ActiveCfg = Debug|Win32
		{BA2E9E8D-29EB-41C1-86BC-488AD2CD9B58}.Debug|x86.Build.0 = Debug|Win32
		{BA2E9E8D-29EB-41C1-86BC-488AD2CD9B58}.Release|x64.ActiveCfg = Release|Win32
		{BA2E9E8D-29EB-41C1-86BC-488AD2CD9B58}.Release|x86.ActiveCfg = Release|Win32
		{BA2E9E8D-29EB-41C1-86BC-488AD2CD9B58}.Release|x86.Build.0 = Release|Win32
		{111F412D-0CC5-41EA-9266-D906EFCAE662}.Debug|x64.ActiveCfg = Debug|Win32
		{111F412D-0CC5-41EA-9266-D906EFCAE662}.Debug|x86.ActiveCfg = Debug|Win32
		{111F412D-0CC5-41EA-9266-D906EFCAE662}.Debug|x86.Build.0 = Debug|Win32
		{111F412D-0CC5-41EA-9266-D906EFCAE662}.Release|x64.ActiveCfg = Release|Win32
		{111F412D-0CC5-41EA-9266-D906EFCAE662}.Release|x86.ActiveCfg = Release|Win32
		{111F412D-0CC5-41EA-9266-D906EFCAE662}.Release|x86.Build.0 = Release|Win32
		{E339C3B5-CFC1-4A62-BFAA-40E163EFF71A}.Debug|x64.ActiveCfg = Debug|Win32
		{E339C3B5-CFC1-4A62-BFAA-40E163EFF71A}.Debug|x86.ActiveCfg = Debug|Win32
		{E339C3B5-CFC1-4A62-BFAA-40E163EFF71A}.Debug|x86.Build.0 = Debug|Win32
		{E339C3B5-CFC1-4A62-BFAA-40E163EFF71A}.Release|x64.ActiveCfg = Release|Win32
		{E339C3B5-CFC1-4A62-BFAA-40E163EFF71A}.Release|x86.ActiveCfg = Release|Win32
		{E339C3B5-CFC1-4A62-BFAA-40E163EFF71A}.Release|x86.Build.0 = Release|Win32
		{9ECE2703-7B20-431F-8972-D71E5B7E3327}.Debug|x64.ActiveCfg = Debug|Win32
		{9ECE2703-7B20-431F-8972-D71E5B7E3327}.Debug|x86.ActiveCfg = Debug|Win32
		{9ECE2703-7B20-431F-8972-D71E5B7E3327}.Debug|x86.Build.0 = Debug|Win32
		{9ECE2703-7B20-431F-8972-D71E5B7E3327}.Release|x64.ActiveCfg = Release|Win32
		{9ECE2703-7B20-431F-8972-D71E5B7E3327}.Release|x86.ActiveCfg = Release|Win32
		{9ECE2703-7B20-431F-8972-D71E5B7E3327}.Release|x86.Build.0 = Release|Win32
		{A8C75362-47F9-42C4-80B6-1084133E9CDF}.Debug|x64.ActiveCfg = Debug|Win32
		{A8C75362-47F9-42C4-80B6-1084133E9CDF}.Debug|x86.ActiveCfg = Debug|Win32
		{A8C75362-47F9-42C4-80B6-1084133E9CDF}.Debug|x86.Build.0 = Debug|Win32
		{A8C75362-47F9-42C4-80B6-1084133E9CDF}.Release|x64.ActiveCfg = Release|Win32
		{A8C75362-47F9-42C4-80B6-1084133E9CDF}.Release|x86.ActiveCfg = Release|Win32
		{A8C75362-47F9-42C4-80B6-1084133E9CDF}.Release|x86.Build.0 = Release|Win32
		{627D67F0-D999-41CB-AC1C-17D772962200}.Debug|x64.ActiveCfg = Debug|x64
		{627D67F0-D999-41CB-AC1C-17D772962200}.Debug|x64.Build.0 = Debug|x64
		{627D67F0-D999-41CB-AC1C-17D772962200}.Debug|x86.ActiveCfg = Debug|Win32
		{627D67F0-D999-41CB-AC1C-17D772962200}.Debug|x86.Build.0 = Debug|Win32
		{627D67F0-D999-41CB-AC1C-17D772962200}.Release|x64.ActiveCfg = Release|x64
		{627D67F0-D999-41CB-AC1C-17D772962200}.Release|x64.Build.0 = Release|x64
		{627D67F0-D999-41CB-AC1C-17D772962200}.Release|x86.ActiveCfg = Release|Win32
		{627D67F0-D999-41CB-AC1C-17D772962200}.Release|x86.Build.0 = Release|Win32
		{AE4695C3-5DB4-4B6B-B7D1-829A5C638812}.Debug|x64.ActiveCfg = Debug|x64
		{AE4695C3-5DB4-4B6B-B7D1-829A5C638812}.Debug|x64.Build.0 = Debug|x64
		{AE4695C3-5DB4-4B6B-B7D1-829A5C638812}.Debug|x86.ActiveCfg = Debug|Win32
		{AE4695C3-5DB4-4B6B-B7D1-829A5C638812}.Debug|x86.Build.0 = Debug|Win32
		{AE4695C3-5DB4-4B6B-B7D1-829A5C638812}.Release|x64.ActiveCfg = Release|x64
		{AE4695C3-5DB4-4B6B-B7D1-829A5C638812}.Release|x64.Build.0 = Release|x64
		{AE4695C3-5DB4-4B6B-B7D1-829A5C638812}.Release|x86.ActiveCfg = Release|Win32
		{AE4695C3-5DB4-4B6B-B7D1-829A5C638812}.Release|x86.Build.0 = Release|Win32
	EndGlobalSection
	GlobalSection(SolutionProperties) = preSolution
		HideSolutionNode = FALSE
	EndGlobalSection
	GlobalSection(ExtensibilityGlobals) = postSolution
		SolutionGuid = {72E8EE02-7AFB-42EE-952F-B5FD8B788228}
	EndGlobalSection
EndGlobal
